
Microsoft Visual Studio Solution File, Format Version 12.00
# Visual Studio 14
VisualStudioVersion = 14.0.25420.1
MinimumVisualStudioVersion = 10.0.40219.1
Project("{8BB2217D-0F2D-49D1-97BC-3654ED321F3B}") = "POC", "POC\POC.xproj", "{0FBF59F4-2819-475B-B7D1-6E395C113158}"
EndProject
Project("{8BB2217D-0F2D-49D1-97BC-3654ED321F3B}") = "POC.Domain", "POC.Domain\POC.Domain.xproj", "{C686A415-86CB-4BE6-AE1D-E82A56926F09}"
EndProject
Project("{8BB2217D-0F2D-49D1-97BC-3654ED321F3B}") = "POC.DataProvider", "POC.DataProvider\POC.DataProvider.xproj", "{03B8CFAF-C604-4426-8E28-E8A4E2779845}"
EndProject
Project("{8BB2217D-0F2D-49D1-97BC-3654ED321F3B}") = "POC.APIContracts", "POC.APIContracts\POC.APIContracts.xproj", "{7FC7F251-D587-4AE9-9E9F-DD0A3929A656}"
EndProject
Global
	GlobalSection(SolutionConfigurationPlatforms) = preSolution
		Debug|Any CPU = Debug|Any CPU
		Release|Any CPU = Release|Any CPU
	EndGlobalSection
	GlobalSection(ProjectConfigurationPlatforms) = postSolution
		{0FBF59F4-2819-475B-B7D1-6E395C113158}.Debug|Any CPU.ActiveCfg = Debug|Any CPU
		{0FBF59F4-2819-475B-B7D1-6E395C113158}.Debug|Any CPU.Build.0 = Debug|Any CPU
		{0FBF59F4-2819-475B-B7D1-6E395C113158}.Release|Any CPU.ActiveCfg = Release|Any CPU
		{0FBF59F4-2819-475B-B7D1-6E395C113158}.Release|Any CPU.Build.0 = Release|Any CPU
		{C686A415-86CB-4BE6-AE1D-E82A56926F09}.Debug|Any CPU.ActiveCfg = Debug|Any CPU
		{C686A415-86CB-4BE6-AE1D-E82A56926F09}.Debug|Any CPU.Build.0 = Debug|Any CPU
		{C686A415-86CB-4BE6-AE1D-E82A56926F09}.Release|Any CPU.ActiveCfg = Release|Any CPU
		{C686A415-86CB-4BE6-AE1D-E82A56926F09}.Release|Any CPU.Build.0 = Release|Any CPU
		{03B8CFAF-C604-4426-8E28-E8A4E2779845}.Debug|Any CPU.ActiveCfg = Debug|Any CPU
		{03B8CFAF-C604-4426-8E28-E8A4E2779845}.Debug|Any CPU.Build.0 = Debug|Any CPU
		{03B8CFAF-C604-4426-8E28-E8A4E2779845}.Release|Any CPU.ActiveCfg = Release|Any CPU
		{03B8CFAF-C604-4426-8E28-E8A4E2779845}.Release|Any CPU.Build.0 = Release|Any CPU
		{7FC7F251-D587-4AE9-9E9F-DD0A3929A656}.Debug|Any CPU.ActiveCfg = Debug|Any CPU
		{7FC7F251-D587-4AE9-9E9F-DD0A3929A656}.Debug|Any CPU.Build.0 = Debug|Any CPU
		{7FC7F251-D587-4AE9-9E9F-DD0A3929A656}.Release|Any CPU.ActiveCfg = Release|Any CPU
		{7FC7F251-D587-4AE9-9E9F-DD0A3929A656}.Release|Any CPU.Build.0 = Release|Any CPU
	EndGlobalSection
	GlobalSection(SolutionProperties) = preSolution
		HideSolutionNode = FALSE
	EndGlobalSection
EndGlobal
